
Microsoft Visual Studio Solution File, Format Version 12.00
# Visual Studio 15
VisualStudioVersion = 15.0.28010.2041
MinimumVisualStudioVersion = 10.0.40219.1
Project("{FAE04EC0-301F-11D3-BF4B-00C04F79EFBC}") = "SportsStore.Domain", "SportsStore.Domain\SportsStore.Domain.csproj", "{435ADD21-AFCB-4A75-92C2-5CC91F8418ED}"
EndProject
Project("{FAE04EC0-301F-11D3-BF4B-00C04F79EFBC}") = "SportsStore.WebUI", "SportsStore.WebUI\SportsStore.WebUI.csproj", "{FBCB781B-FD1B-4E48-A2CB-6168B27E38DF}"
EndProject
Project("{FAE04EC0-301F-11D3-BF4B-00C04F79EFBC}") = "SportsStore.UnitTests", "SportsStore.UnitTests\SportsStore.UnitTests.csproj", "{6CAE627A-1A93-4DB1-924A-F39BF732E580}"
EndProject
Global
	GlobalSection(SolutionConfigurationPlatforms) = preSolution
		Debug|Any CPU = Debug|Any CPU
		Release|Any CPU = Release|Any CPU
	EndGlobalSection
	GlobalSection(ProjectConfigurationPlatforms) = postSolution
		{435ADD21-AFCB-4A75-92C2-5CC91F8418ED}.Debug|Any CPU.ActiveCfg = Debug|Any CPU
		{435ADD21-AFCB-4A75-92C2-5CC91F8418ED}.Debug|Any CPU.Build.0 = Debug|Any CPU
		{435ADD21-AFCB-4A75-92C2-5CC91F8418ED}.Release|Any CPU.ActiveCfg = Release|Any CPU
		{435ADD21-AFCB-4A75-92C2-5CC91F8418ED}.Release|Any CPU.Build.0 = Release|Any CPU
		{FBCB781B-FD1B-4E48-A2CB-6168B27E38DF}.Debug|Any CPU.ActiveCfg = Debug|Any CPU
		{FBCB781B-FD1B-4E48-A2CB-6168B27E38DF}.Debug|Any CPU.Build.0 = Debug|Any CPU
		{FBCB781B-FD1B-4E48-A2CB-6168B27E38DF}.Release|Any CPU.ActiveCfg = Release|Any CPU
		{FBCB781B-FD1B-4E48-A2CB-6168B27E38DF}.Release|Any CPU.Build.0 = Release|Any CPU
		{6CAE627A-1A93-4DB1-924A-F39BF732E580}.Debug|Any CPU.ActiveCfg = Debug|Any CPU
		{6CAE627A-1A93-4DB1-924A-F39BF732E580}.Debug|Any CPU.Build.0 = Debug|Any CPU
		{6CAE627A-1A93-4DB1-924A-F39BF732E580}.Release|Any CPU.ActiveCfg = Release|Any CPU
		{6CAE627A-1A93-4DB1-924A-F39BF732E580}.Release|Any CPU.Build.0 = Release|Any CPU
	EndGlobalSection
	GlobalSection(SolutionProperties) = preSolution
		HideSolutionNode = FALSE
	EndGlobalSection
	GlobalSection(ExtensibilityGlobals) = postSolution
		SolutionGuid = {B42C2DF8-CE0D-410D-982F-82F847B08A2F}
	EndGlobalSection
EndGlobal
